// !$*UTF8*$!
{
	archiveVersion = 1;
	classes = {
	};
	objectVersion = 54;
	objects = {

/* Begin PBXBuildFile section */
		0B628177235DEE8100E35CAF /* AppDelegate.swift in Sources */ = {isa = PBXBuildFile; fileRef = 0B628176235DEE8100E35CAF /* AppDelegate.swift */; };
		0B628179235DEE8100E35CAF /* SceneDelegate.swift in Sources */ = {isa = PBXBuildFile; fileRef = 0B628178235DEE8100E35CAF /* SceneDelegate.swift */; };
		0B62817E235DEE8100E35CAF /* Main.storyboard in Resources */ = {isa = PBXBuildFile; fileRef = 0B62817C235DEE8100E35CAF /* Main.storyboard */; };
		0B628180235DEE8400E35CAF /* Assets.xcassets in Resources */ = {isa = PBXBuildFile; fileRef = 0B62817F235DEE8400E35CAF /* Assets.xcassets */; };
		0B628183235DEE8400E35CAF /* LaunchScreen.storyboard in Resources */ = {isa = PBXBuildFile; fileRef = 0B628181235DEE8400E35CAF /* LaunchScreen.storyboard */; };
		0B62818B235DF00000E35CAF /* WelcomeViewController.swift in Sources */ = {isa = PBXBuildFile; fileRef = 0B62818A235DF00000E35CAF /* WelcomeViewController.swift */; };
		0B62818D235DF00B00E35CAF /* RegisterViewController.swift in Sources */ = {isa = PBXBuildFile; fileRef = 0B62818C235DF00B00E35CAF /* RegisterViewController.swift */; };
		0B62818F235DF01000E35CAF /* LoginViewController.swift in Sources */ = {isa = PBXBuildFile; fileRef = 0B62818E235DF01000E35CAF /* LoginViewController.swift */; };
		0B628191235DF01B00E35CAF /* ChatViewController.swift in Sources */ = {isa = PBXBuildFile; fileRef = 0B628190235DF01B00E35CAF /* ChatViewController.swift */; };
		0B62819E235F0F4D00E35CAF /* README.md in Resources */ = {isa = PBXBuildFile; fileRef = 0B62819D235F0F4D00E35CAF /* README.md */; };
		EE3AD6FC2B4179E000CCAFF9 /* IQKeyboardManagerSwift in Frameworks */ = {isa = PBXBuildFile; productRef = EE3AD6FB2B4179E000CCAFF9 /* IQKeyboardManagerSwift */; };
		EEB0A1F12B402A5100D78613 /* Constants.swift in Sources */ = {isa = PBXBuildFile; fileRef = EEB0A1F02B402A5100D78613 /* Constants.swift */; };
		EEB0A1F32B402B7000D78613 /* Message.swift in Sources */ = {isa = PBXBuildFile; fileRef = EEB0A1F22B402B7000D78613 /* Message.swift */; };
		EEB0A1FA2B40808100D78613 /* MessageCell.swift in Sources */ = {isa = PBXBuildFile; fileRef = EEB0A1F82B40808100D78613 /* MessageCell.swift */; };
		EEB0A1FB2B40808100D78613 /* MessageCell.xib in Resources */ = {isa = PBXBuildFile; fileRef = EEB0A1F92B40808100D78613 /* MessageCell.xib */; };
		EEFDB3032B3F242C0020D3D3 /* GoogleService-Info.plist in Resources */ = {isa = PBXBuildFile; fileRef = EEFDB3022B3F242C0020D3D3 /* GoogleService-Info.plist */; };
		EEFDB3062B3F24940020D3D3 /* FirebaseAnalytics in Frameworks */ = {isa = PBXBuildFile; productRef = EEFDB3052B3F24940020D3D3 /* FirebaseAnalytics */; };
		EEFDB3082B3F24940020D3D3 /* FirebaseAnalyticsOnDeviceConversion in Frameworks */ = {isa = PBXBuildFile; productRef = EEFDB3072B3F24940020D3D3 /* FirebaseAnalyticsOnDeviceConversion */; };
		EEFDB30A2B3F24940020D3D3 /* FirebaseAnalyticsSwift in Frameworks */ = {isa = PBXBuildFile; productRef = EEFDB3092B3F24940020D3D3 /* FirebaseAnalyticsSwift */; };
		EEFDB30C2B3F24940020D3D3 /* FirebaseAnalyticsWithoutAdIdSupport in Frameworks */ = {isa = PBXBuildFile; productRef = EEFDB30B2B3F24940020D3D3 /* FirebaseAnalyticsWithoutAdIdSupport */; };
		EEFDB30E2B3F24940020D3D3 /* FirebaseAppCheck in Frameworks */ = {isa = PBXBuildFile; productRef = EEFDB30D2B3F24940020D3D3 /* FirebaseAppCheck */; };
		EEFDB3102B3F27270020D3D3 /* FirebaseAnalytics in Frameworks */ = {isa = PBXBuildFile; productRef = EEFDB30F2B3F27270020D3D3 /* FirebaseAnalytics */; };
		EEFDB3122B3F27270020D3D3 /* FirebaseAnalyticsOnDeviceConversion in Frameworks */ = {isa = PBXBuildFile; productRef = EEFDB3112B3F27270020D3D3 /* FirebaseAnalyticsOnDeviceConversion */; };
		EEFDB3142B3F27270020D3D3 /* FirebaseAnalyticsSwift in Frameworks */ = {isa = PBXBuildFile; productRef = EEFDB3132B3F27270020D3D3 /* FirebaseAnalyticsSwift */; };
		EEFDB3162B3F27270020D3D3 /* FirebaseAnalyticsWithoutAdIdSupport in Frameworks */ = {isa = PBXBuildFile; productRef = EEFDB3152B3F27270020D3D3 /* FirebaseAnalyticsWithoutAdIdSupport */; };
		EEFDB3182B3F27270020D3D3 /* FirebaseAppCheck in Frameworks */ = {isa = PBXBuildFile; productRef = EEFDB3172B3F27270020D3D3 /* FirebaseAppCheck */; };
		EEFDB31A2B3F27270020D3D3 /* FirebaseAppDistribution-Beta in Frameworks */ = {isa = PBXBuildFile; productRef = EEFDB3192B3F27270020D3D3 /* FirebaseAppDistribution-Beta */; };
		EEFDB31C2B3F27270020D3D3 /* FirebaseAuth in Frameworks */ = {isa = PBXBuildFile; productRef = EEFDB31B2B3F27270020D3D3 /* FirebaseAuth */; };
		EEFDB31E2B3F27270020D3D3 /* FirebaseAuthCombine-Community in Frameworks */ = {isa = PBXBuildFile; productRef = EEFDB31D2B3F27270020D3D3 /* FirebaseAuthCombine-Community */; };
		EEFDB3202B3F27270020D3D3 /* FirebaseCrashlytics in Frameworks */ = {isa = PBXBuildFile; productRef = EEFDB31F2B3F27270020D3D3 /* FirebaseCrashlytics */; };
		EEFDB3222B3F27270020D3D3 /* FirebaseDatabase in Frameworks */ = {isa = PBXBuildFile; productRef = EEFDB3212B3F27270020D3D3 /* FirebaseDatabase */; };
		EEFDB3242B3F27270020D3D3 /* FirebaseDatabaseSwift in Frameworks */ = {isa = PBXBuildFile; productRef = EEFDB3232B3F27270020D3D3 /* FirebaseDatabaseSwift */; };
		EEFDB3262B3F27270020D3D3 /* FirebaseDynamicLinks in Frameworks */ = {isa = PBXBuildFile; productRef = EEFDB3252B3F27270020D3D3 /* FirebaseDynamicLinks */; };
		EEFDB3282B3F27270020D3D3 /* FirebaseFirestore in Frameworks */ = {isa = PBXBuildFile; productRef = EEFDB3272B3F27270020D3D3 /* FirebaseFirestore */; };
		EEFDB32A2B3F27270020D3D3 /* FirebaseFirestoreCombine-Community in Frameworks */ = {isa = PBXBuildFile; productRef = EEFDB3292B3F27270020D3D3 /* FirebaseFirestoreCombine-Community */; };
		EEFDB32C2B3F27270020D3D3 /* FirebaseFirestoreSwift in Frameworks */ = {isa = PBXBuildFile; productRef = EEFDB32B2B3F27270020D3D3 /* FirebaseFirestoreSwift */; };
		EEFDB32E2B3F27270020D3D3 /* FirebaseFunctions in Frameworks */ = {isa = PBXBuildFile; productRef = EEFDB32D2B3F27270020D3D3 /* FirebaseFunctions */; };
		EEFDB3302B3F27270020D3D3 /* FirebaseFunctionsCombine-Community in Frameworks */ = {isa = PBXBuildFile; productRef = EEFDB32F2B3F27270020D3D3 /* FirebaseFunctionsCombine-Community */; };
		EEFDB3322B3F27270020D3D3 /* FirebaseInAppMessaging-Beta in Frameworks */ = {isa = PBXBuildFile; productRef = EEFDB3312B3F27270020D3D3 /* FirebaseInAppMessaging-Beta */; };
		EEFDB3342B3F27270020D3D3 /* FirebaseInAppMessagingSwift-Beta in Frameworks */ = {isa = PBXBuildFile; productRef = EEFDB3332B3F27270020D3D3 /* FirebaseInAppMessagingSwift-Beta */; };
		EEFDB3362B3F27270020D3D3 /* FirebaseInstallations in Frameworks */ = {isa = PBXBuildFile; productRef = EEFDB3352B3F27270020D3D3 /* FirebaseInstallations */; };
		EEFDB3382B3F27270020D3D3 /* FirebaseMLModelDownloader in Frameworks */ = {isa = PBXBuildFile; productRef = EEFDB3372B3F27270020D3D3 /* FirebaseMLModelDownloader */; };
		EEFDB33A2B3F27270020D3D3 /* FirebaseMessaging in Frameworks */ = {isa = PBXBuildFile; productRef = EEFDB3392B3F27270020D3D3 /* FirebaseMessaging */; };
		EEFDB33C2B3F27270020D3D3 /* FirebasePerformance in Frameworks */ = {isa = PBXBuildFile; productRef = EEFDB33B2B3F27270020D3D3 /* FirebasePerformance */; };
		EEFDB33E2B3F27270020D3D3 /* FirebaseRemoteConfig in Frameworks */ = {isa = PBXBuildFile; productRef = EEFDB33D2B3F27270020D3D3 /* FirebaseRemoteConfig */; };
		EEFDB3402B3F27270020D3D3 /* FirebaseRemoteConfigSwift in Frameworks */ = {isa = PBXBuildFile; productRef = EEFDB33F2B3F27270020D3D3 /* FirebaseRemoteConfigSwift */; };
		EEFDB3422B3F27270020D3D3 /* FirebaseStorage in Frameworks */ = {isa = PBXBuildFile; productRef = EEFDB3412B3F27270020D3D3 /* FirebaseStorage */; };
		EEFDB3442B3F27270020D3D3 /* FirebaseStorageCombine-Community in Frameworks */ = {isa = PBXBuildFile; productRef = EEFDB3432B3F27270020D3D3 /* FirebaseStorageCombine-Community */; };
/* End PBXBuildFile section */

/* Begin PBXFileReference section */
		0B628173235DEE8100E35CAF /* Flash Chat iOS13.app */ = {isa = PBXFileReference; explicitFileType = wrapper.application; includeInIndex = 0; path = "Flash Chat iOS13.app"; sourceTree = BUILT_PRODUCTS_DIR; };
		0B628176235DEE8100E35CAF /* AppDelegate.swift */ = {isa = PBXFileReference; lastKnownFileType = sourcecode.swift; path = AppDelegate.swift; sourceTree = "<group>"; };
		0B628178235DEE8100E35CAF /* SceneDelegate.swift */ = {isa = PBXFileReference; lastKnownFileType = sourcecode.swift; path = SceneDelegate.swift; sourceTree = "<group>"; };
		0B62817D235DEE8100E35CAF /* Base */ = {isa = PBXFileReference; lastKnownFileType = file.storyboard; name = Base; path = Base.lproj/Main.storyboard; sourceTree = "<group>"; };
		0B62817F235DEE8400E35CAF /* Assets.xcassets */ = {isa = PBXFileReference; lastKnownFileType = folder.assetcatalog; path = Assets.xcassets; sourceTree = "<group>"; };
		0B628182235DEE8400E35CAF /* Base */ = {isa = PBXFileReference; lastKnownFileType = file.storyboard; name = Base; path = Base.lproj/LaunchScreen.storyboard; sourceTree = "<group>"; };
		0B628184235DEE8400E35CAF /* Info.plist */ = {isa = PBXFileReference; lastKnownFileType = text.plist.xml; path = Info.plist; sourceTree = "<group>"; };
		0B62818A235DF00000E35CAF /* WelcomeViewController.swift */ = {isa = PBXFileReference; lastKnownFileType = sourcecode.swift; path = WelcomeViewController.swift; sourceTree = "<group>"; };
		0B62818C235DF00B00E35CAF /* RegisterViewController.swift */ = {isa = PBXFileReference; lastKnownFileType = sourcecode.swift; path = RegisterViewController.swift; sourceTree = "<group>"; };
		0B62818E235DF01000E35CAF /* LoginViewController.swift */ = {isa = PBXFileReference; lastKnownFileType = sourcecode.swift; path = LoginViewController.swift; sourceTree = "<group>"; };
		0B628190235DF01B00E35CAF /* ChatViewController.swift */ = {isa = PBXFileReference; lastKnownFileType = sourcecode.swift; path = ChatViewController.swift; sourceTree = "<group>"; };
		0B62819D235F0F4D00E35CAF /* README.md */ = {isa = PBXFileReference; fileEncoding = 4; lastKnownFileType = net.daringfireball.markdown; path = README.md; sourceTree = "<group>"; };
		EEB0A1F02B402A5100D78613 /* Constants.swift */ = {isa = PBXFileReference; lastKnownFileType = sourcecode.swift; path = Constants.swift; sourceTree = "<group>"; };
		EEB0A1F22B402B7000D78613 /* Message.swift */ = {isa = PBXFileReference; lastKnownFileType = sourcecode.swift; path = Message.swift; sourceTree = "<group>"; };
		EEB0A1F82B40808100D78613 /* MessageCell.swift */ = {isa = PBXFileReference; lastKnownFileType = sourcecode.swift; path = MessageCell.swift; sourceTree = "<group>"; };
		EEB0A1F92B40808100D78613 /* MessageCell.xib */ = {isa = PBXFileReference; lastKnownFileType = file.xib; path = MessageCell.xib; sourceTree = "<group>"; };
		EEFDB3022B3F242C0020D3D3 /* GoogleService-Info.plist */ = {isa = PBXFileReference; fileEncoding = 4; lastKnownFileType = text.plist.xml; path = "GoogleService-Info.plist"; sourceTree = "<group>"; };
/* End PBXFileReference section */

/* Begin PBXFrameworksBuildPhase section */
		0B628170235DEE8100E35CAF /* Frameworks */ = {
			isa = PBXFrameworksBuildPhase;
			buildActionMask = 2147483647;
			files = (
				EEFDB33A2B3F27270020D3D3 /* FirebaseMessaging in Frameworks */,
				EEFDB32A2B3F27270020D3D3 /* FirebaseFirestoreCombine-Community in Frameworks */,
				EEFDB3222B3F27270020D3D3 /* FirebaseDatabase in Frameworks */,
				EEFDB30A2B3F24940020D3D3 /* FirebaseAnalyticsSwift in Frameworks */,
				EEFDB3422B3F27270020D3D3 /* FirebaseStorage in Frameworks */,
				EEFDB3062B3F24940020D3D3 /* FirebaseAnalytics in Frameworks */,
				EEFDB3102B3F27270020D3D3 /* FirebaseAnalytics in Frameworks */,
				EEFDB3202B3F27270020D3D3 /* FirebaseCrashlytics in Frameworks */,
				EEFDB3282B3F27270020D3D3 /* FirebaseFirestore in Frameworks */,
				EEFDB3262B3F27270020D3D3 /* FirebaseDynamicLinks in Frameworks */,
				EEFDB3442B3F27270020D3D3 /* FirebaseStorageCombine-Community in Frameworks */,
				EEFDB3122B3F27270020D3D3 /* FirebaseAnalyticsOnDeviceConversion in Frameworks */,
				EEFDB3302B3F27270020D3D3 /* FirebaseFunctionsCombine-Community in Frameworks */,
				EEFDB3342B3F27270020D3D3 /* FirebaseInAppMessagingSwift-Beta in Frameworks */,
				EEFDB3382B3F27270020D3D3 /* FirebaseMLModelDownloader in Frameworks */,
				EEFDB3322B3F27270020D3D3 /* FirebaseInAppMessaging-Beta in Frameworks */,
				EEFDB33C2B3F27270020D3D3 /* FirebasePerformance in Frameworks */,
				EEFDB31E2B3F27270020D3D3 /* FirebaseAuthCombine-Community in Frameworks */,
				EEFDB3142B3F27270020D3D3 /* FirebaseAnalyticsSwift in Frameworks */,
				EEFDB3242B3F27270020D3D3 /* FirebaseDatabaseSwift in Frameworks */,
				EE3AD6FC2B4179E000CCAFF9 /* IQKeyboardManagerSwift in Frameworks */,
				EEFDB3082B3F24940020D3D3 /* FirebaseAnalyticsOnDeviceConversion in Frameworks */,
				EEFDB33E2B3F27270020D3D3 /* FirebaseRemoteConfig in Frameworks */,
				EEFDB30E2B3F24940020D3D3 /* FirebaseAppCheck in Frameworks */,
				EEFDB31C2B3F27270020D3D3 /* FirebaseAuth in Frameworks */,
				EEFDB32E2B3F27270020D3D3 /* FirebaseFunctions in Frameworks */,
				EEFDB3362B3F27270020D3D3 /* FirebaseInstallations in Frameworks */,
				EEFDB32C2B3F27270020D3D3 /* FirebaseFirestoreSwift in Frameworks */,
				EEFDB3162B3F27270020D3D3 /* FirebaseAnalyticsWithoutAdIdSupport in Frameworks */,
				EEFDB3182B3F27270020D3D3 /* FirebaseAppCheck in Frameworks */,
				EEFDB3402B3F27270020D3D3 /* FirebaseRemoteConfigSwift in Frameworks */,
				EEFDB31A2B3F27270020D3D3 /* FirebaseAppDistribution-Beta in Frameworks */,
				EEFDB30C2B3F24940020D3D3 /* FirebaseAnalyticsWithoutAdIdSupport in Frameworks */,
			);
			runOnlyForDeploymentPostprocessing = 0;
		};
/* End PBXFrameworksBuildPhase section */

/* Begin PBXGroup section */
		0B62816A235DEE8100E35CAF = {
			isa = PBXGroup;
			children = (
				0B62819D235F0F4D00E35CAF /* README.md */,
				0B628175235DEE8100E35CAF /* Flash Chat iOS13 */,
				0B628174235DEE8100E35CAF /* Products */,
			);
			sourceTree = "<group>";
		};
		0B628174235DEE8100E35CAF /* Products */ = {
			isa = PBXGroup;
			children = (
				0B628173235DEE8100E35CAF /* Flash Chat iOS13.app */,
			);
			name = Products;
			sourceTree = "<group>";
		};
		0B628175235DEE8100E35CAF /* Flash Chat iOS13 */ = {
			isa = PBXGroup;
			children = (
				0B628176235DEE8100E35CAF /* AppDelegate.swift */,
				0B628178235DEE8100E35CAF /* SceneDelegate.swift */,
				EE616E3F2B3EF20C00EC4B2F /* Model */,
				0B628193235DF03400E35CAF /* Views */,
				0B628192235DF02000E35CAF /* Controllers */,
				0B62817F235DEE8400E35CAF /* Assets.xcassets */,
				0B628181235DEE8400E35CAF /* LaunchScreen.storyboard */,
				0B628184235DEE8400E35CAF /* Info.plist */,
				EEFDB3022B3F242C0020D3D3 /* GoogleService-Info.plist */,
				EEB0A1F02B402A5100D78613 /* Constants.swift */,
			);
			path = "Flash Chat iOS13";
			sourceTree = "<group>";
		};
		0B628192235DF02000E35CAF /* Controllers */ = {
			isa = PBXGroup;
			children = (
				0B62818A235DF00000E35CAF /* WelcomeViewController.swift */,
				0B62818C235DF00B00E35CAF /* RegisterViewController.swift */,
				0B62818E235DF01000E35CAF /* LoginViewController.swift */,
				0B628190235DF01B00E35CAF /* ChatViewController.swift */,
			);
			path = Controllers;
			sourceTree = "<group>";
		};
		0B628193235DF03400E35CAF /* Views */ = {
			isa = PBXGroup;
			children = (
				0B62817C235DEE8100E35CAF /* Main.storyboard */,
				EEB0A1F82B40808100D78613 /* MessageCell.swift */,
				EEB0A1F92B40808100D78613 /* MessageCell.xib */,
			);
			path = Views;
			sourceTree = "<group>";
		};
		EE616E3F2B3EF20C00EC4B2F /* Model */ = {
			isa = PBXGroup;
			children = (
				EEB0A1F22B402B7000D78613 /* Message.swift */,
			);
			path = Model;
			sourceTree = "<group>";
		};
/* End PBXGroup section */

/* Begin PBXNativeTarget section */
		0B628172235DEE8100E35CAF /* Flash Chat iOS13 */ = {
			isa = PBXNativeTarget;
			buildConfigurationList = 0B628187235DEE8400E35CAF /* Build configuration list for PBXNativeTarget "Flash Chat iOS13" */;
			buildPhases = (
				0B62816F235DEE8100E35CAF /* Sources */,
				0B628170235DEE8100E35CAF /* Frameworks */,
				0B628171235DEE8100E35CAF /* Resources */,
			);
			buildRules = (
			);
			dependencies = (
			);
			name = "Flash Chat iOS13";
			packageProductDependencies = (
				EEFDB3052B3F24940020D3D3 /* FirebaseAnalytics */,
				EEFDB3072B3F24940020D3D3 /* FirebaseAnalyticsOnDeviceConversion */,
				EEFDB3092B3F24940020D3D3 /* FirebaseAnalyticsSwift */,
				EEFDB30B2B3F24940020D3D3 /* FirebaseAnalyticsWithoutAdIdSupport */,
				EEFDB30D2B3F24940020D3D3 /* FirebaseAppCheck */,
				EEFDB30F2B3F27270020D3D3 /* FirebaseAnalytics */,
				EEFDB3112B3F27270020D3D3 /* FirebaseAnalyticsOnDeviceConversion */,
				EEFDB3132B3F27270020D3D3 /* FirebaseAnalyticsSwift */,
				EEFDB3152B3F27270020D3D3 /* FirebaseAnalyticsWithoutAdIdSupport */,
				EEFDB3172B3F27270020D3D3 /* FirebaseAppCheck */,
				EEFDB3192B3F27270020D3D3 /* FirebaseAppDistribution-Beta */,
				EEFDB31B2B3F27270020D3D3 /* FirebaseAuth */,
				EEFDB31D2B3F27270020D3D3 /* FirebaseAuthCombine-Community */,
				EEFDB31F2B3F27270020D3D3 /* FirebaseCrashlytics */,
				EEFDB3212B3F27270020D3D3 /* FirebaseDatabase */,
				EEFDB3232B3F27270020D3D3 /* FirebaseDatabaseSwift */,
				EEFDB3252B3F27270020D3D3 /* FirebaseDynamicLinks */,
				EEFDB3272B3F27270020D3D3 /* FirebaseFirestore */,
				EEFDB3292B3F27270020D3D3 /* FirebaseFirestoreCombine-Community */,
				EEFDB32B2B3F27270020D3D3 /* FirebaseFirestoreSwift */,
				EEFDB32D2B3F27270020D3D3 /* FirebaseFunctions */,
				EEFDB32F2B3F27270020D3D3 /* FirebaseFunctionsCombine-Community */,
				EEFDB3312B3F27270020D3D3 /* FirebaseInAppMessaging-Beta */,
				EEFDB3332B3F27270020D3D3 /* FirebaseInAppMessagingSwift-Beta */,
				EEFDB3352B3F27270020D3D3 /* FirebaseInstallations */,
				EEFDB3372B3F27270020D3D3 /* FirebaseMLModelDownloader */,
				EEFDB3392B3F27270020D3D3 /* FirebaseMessaging */,
				EEFDB33B2B3F27270020D3D3 /* FirebasePerformance */,
				EEFDB33D2B3F27270020D3D3 /* FirebaseRemoteConfig */,
				EEFDB33F2B3F27270020D3D3 /* FirebaseRemoteConfigSwift */,
				EEFDB3412B3F27270020D3D3 /* FirebaseStorage */,
				EEFDB3432B3F27270020D3D3 /* FirebaseStorageCombine-Community */,
				EE3AD6FB2B4179E000CCAFF9 /* IQKeyboardManagerSwift */,
			);
			productName = "Flash Chat iOS13";
			productReference = 0B628173235DEE8100E35CAF /* Flash Chat iOS13.app */;
			productType = "com.apple.product-type.application";
		};
/* End PBXNativeTarget section */

/* Begin PBXProject section */
		0B62816B235DEE8100E35CAF /* Project object */ = {
			isa = PBXProject;
			attributes = {
				LastSwiftUpdateCheck = 1110;
				LastUpgradeCheck = 1110;
				ORGANIZATIONNAME = "Angela Yu";
				TargetAttributes = {
					0B628172235DEE8100E35CAF = {
						CreatedOnToolsVersion = 11.1;
					};
				};
			};
			buildConfigurationList = 0B62816E235DEE8100E35CAF /* Build configuration list for PBXProject "Flash Chat iOS13" */;
			compatibilityVersion = "Xcode 9.3";
			developmentRegion = en;
			hasScannedForEncodings = 0;
			knownRegions = (
				en,
				Base,
			);
			mainGroup = 0B62816A235DEE8100E35CAF;
			packageReferences = (
				EEFDB3042B3F24940020D3D3 /* XCRemoteSwiftPackageReference "firebase-ios-sdk" */,
				EE3AD6FA2B4179E000CCAFF9 /* XCRemoteSwiftPackageReference "IQKeyboardManager" */,
			);
			productRefGroup = 0B628174235DEE8100E35CAF /* Products */;
			projectDirPath = "";
			projectRoot = "";
			targets = (
				0B628172235DEE8100E35CAF /* Flash Chat iOS13 */,
			);
		};
/* End PBXProject section */

/* Begin PBXResourcesBuildPhase section */
		0B628171235DEE8100E35CAF /* Resources */ = {
			isa = PBXResourcesBuildPhase;
			buildActionMask = 2147483647;
			files = (
				0B628183235DEE8400E35CAF /* LaunchScreen.storyboard in Resources */,
				EEB0A1FB2B40808100D78613 /* MessageCell.xib in Resources */,
				0B628180235DEE8400E35CAF /* Assets.xcassets in Resources */,
				EEFDB3032B3F242C0020D3D3 /* GoogleService-Info.plist in Resources */,
				0B62819E235F0F4D00E35CAF /* README.md in Resources */,
				0B62817E235DEE8100E35CAF /* Main.storyboard in Resources */,
			);
			runOnlyForDeploymentPostprocessing = 0;
		};
/* End PBXResourcesBuildPhase section */

/* Begin PBXSourcesBuildPhase section */
		0B62816F235DEE8100E35CAF /* Sources */ = {
			isa = PBXSourcesBuildPhase;
			buildActionMask = 2147483647;
			files = (
				0B62818B235DF00000E35CAF /* WelcomeViewController.swift in Sources */,
				0B628177235DEE8100E35CAF /* AppDelegate.swift in Sources */,
				0B628179235DEE8100E35CAF /* SceneDelegate.swift in Sources */,
				0B62818F235DF01000E35CAF /* LoginViewController.swift in Sources */,
				EEB0A1F12B402A5100D78613 /* Constants.swift in Sources */,
				EEB0A1F32B402B7000D78613 /* Message.swift in Sources */,
				0B628191235DF01B00E35CAF /* ChatViewController.swift in Sources */,
				0B62818D235DF00B00E35CAF /* RegisterViewController.swift in Sources */,
				EEB0A1FA2B40808100D78613 /* MessageCell.swift in Sources */,
			);
			runOnlyForDeploymentPostprocessing = 0;
		};
/* End PBXSourcesBuildPhase section */

/* Begin PBXVariantGroup section */
		0B62817C235DEE8100E35CAF /* Main.storyboard */ = {
			isa = PBXVariantGroup;
			children = (
				0B62817D235DEE8100E35CAF /* Base */,
			);
			name = Main.storyboard;
			sourceTree = "<group>";
		};
		0B628181235DEE8400E35CAF /* LaunchScreen.storyboard */ = {
			isa = PBXVariantGroup;
			children = (
				0B628182235DEE8400E35CAF /* Base */,
			);
			name = LaunchScreen.storyboard;
			sourceTree = "<group>";
		};
/* End PBXVariantGroup section */

/* Begin XCBuildConfiguration section */
		0B628185235DEE8400E35CAF /* Debug */ = {
			isa = XCBuildConfiguration;
			buildSettings = {
				ALWAYS_SEARCH_USER_PATHS = NO;
				CLANG_ANALYZER_NONNULL = YES;
				CLANG_ANALYZER_NUMBER_OBJECT_CONVERSION = YES_AGGRESSIVE;
				CLANG_CXX_LANGUAGE_STANDARD = "gnu++14";
				CLANG_CXX_LIBRARY = "libc++";
				CLANG_ENABLE_MODULES = YES;
				CLANG_ENABLE_OBJC_ARC = YES;
				CLANG_ENABLE_OBJC_WEAK = YES;
				CLANG_WARN_BLOCK_CAPTURE_AUTORELEASING = YES;
				CLANG_WARN_BOOL_CONVERSION = YES;
				CLANG_WARN_COMMA = YES;
				CLANG_WARN_CONSTANT_CONVERSION = YES;
				CLANG_WARN_DEPRECATED_OBJC_IMPLEMENTATIONS = YES;
				CLANG_WARN_DIRECT_OBJC_ISA_USAGE = YES_ERROR;
				CLANG_WARN_DOCUMENTATION_COMMENTS = YES;
				CLANG_WARN_EMPTY_BODY = YES;
				CLANG_WARN_ENUM_CONVERSION = YES;
				CLANG_WARN_INFINITE_RECURSION = YES;
				CLANG_WARN_INT_CONVERSION = YES;
				CLANG_WARN_NON_LITERAL_NULL_CONVERSION = YES;
				CLANG_WARN_OBJC_IMPLICIT_RETAIN_SELF = YES;
				CLANG_WARN_OBJC_LITERAL_CONVERSION = YES;
				CLANG_WARN_OBJC_ROOT_CLASS = YES_ERROR;
				CLANG_WARN_RANGE_LOOP_ANALYSIS = YES;
				CLANG_WARN_STRICT_PROTOTYPES = YES;
				CLANG_WARN_SUSPICIOUS_MOVE = YES;
				CLANG_WARN_UNGUARDED_AVAILABILITY = YES_AGGRESSIVE;
				CLANG_WARN_UNREACHABLE_CODE = YES;
				CLANG_WARN__DUPLICATE_METHOD_MATCH = YES;
				COPY_PHASE_STRIP = NO;
				DEBUG_INFORMATION_FORMAT = dwarf;
				ENABLE_STRICT_OBJC_MSGSEND = YES;
				ENABLE_TESTABILITY = YES;
				GCC_C_LANGUAGE_STANDARD = gnu11;
				GCC_DYNAMIC_NO_PIC = NO;
				GCC_NO_COMMON_BLOCKS = YES;
				GCC_OPTIMIZATION_LEVEL = 0;
				GCC_PREPROCESSOR_DEFINITIONS = (
					"DEBUG=1",
					"$(inherited)",
				);
				GCC_WARN_64_TO_32_BIT_CONVERSION = YES;
				GCC_WARN_ABOUT_RETURN_TYPE = YES_ERROR;
				GCC_WARN_UNDECLARED_SELECTOR = YES;
				GCC_WARN_UNINITIALIZED_AUTOS = YES_AGGRESSIVE;
				GCC_WARN_UNUSED_FUNCTION = YES;
				GCC_WARN_UNUSED_VARIABLE = YES;
				IPHONEOS_DEPLOYMENT_TARGET = 13.0;
				MTL_ENABLE_DEBUG_INFO = INCLUDE_SOURCE;
				MTL_FAST_MATH = YES;
				ONLY_ACTIVE_ARCH = YES;
				SDKROOT = iphoneos;
				SWIFT_ACTIVE_COMPILATION_CONDITIONS = DEBUG;
				SWIFT_OPTIMIZATION_LEVEL = "-Onone";
			};
			name = Debug;
		};
		0B628186235DEE8400E35CAF /* Release */ = {
			isa = XCBuildConfiguration;
			buildSettings = {
				ALWAYS_SEARCH_USER_PATHS = NO;
				CLANG_ANALYZER_NONNULL = YES;
				CLANG_ANALYZER_NUMBER_OBJECT_CONVERSION = YES_AGGRESSIVE;
				CLANG_CXX_LANGUAGE_STANDARD = "gnu++14";
				CLANG_CXX_LIBRARY = "libc++";
				CLANG_ENABLE_MODULES = YES;
				CLANG_ENABLE_OBJC_ARC = YES;
				CLANG_ENABLE_OBJC_WEAK = YES;
				CLANG_WARN_BLOCK_CAPTURE_AUTORELEASING = YES;
				CLANG_WARN_BOOL_CONVERSION = YES;
				CLANG_WARN_COMMA = YES;
				CLANG_WARN_CONSTANT_CONVERSION = YES;
				CLANG_WARN_DEPRECATED_OBJC_IMPLEMENTATIONS = YES;
				CLANG_WARN_DIRECT_OBJC_ISA_USAGE = YES_ERROR;
				CLANG_WARN_DOCUMENTATION_COMMENTS = YES;
				CLANG_WARN_EMPTY_BODY = YES;
				CLANG_WARN_ENUM_CONVERSION = YES;
				CLANG_WARN_INFINITE_RECURSION = YES;
				CLANG_WARN_INT_CONVERSION = YES;
				CLANG_WARN_NON_LITERAL_NULL_CONVERSION = YES;
				CLANG_WARN_OBJC_IMPLICIT_RETAIN_SELF = YES;
				CLANG_WARN_OBJC_LITERAL_CONVERSION = YES;
				CLANG_WARN_OBJC_ROOT_CLASS = YES_ERROR;
				CLANG_WARN_RANGE_LOOP_ANALYSIS = YES;
				CLANG_WARN_STRICT_PROTOTYPES = YES;
				CLANG_WARN_SUSPICIOUS_MOVE = YES;
				CLANG_WARN_UNGUARDED_AVAILABILITY = YES_AGGRESSIVE;
				CLANG_WARN_UNREACHABLE_CODE = YES;
				CLANG_WARN__DUPLICATE_METHOD_MATCH = YES;
				COPY_PHASE_STRIP = NO;
				DEBUG_INFORMATION_FORMAT = "dwarf-with-dsym";
				ENABLE_NS_ASSERTIONS = NO;
				ENABLE_STRICT_OBJC_MSGSEND = YES;
				GCC_C_LANGUAGE_STANDARD = gnu11;
				GCC_NO_COMMON_BLOCKS = YES;
				GCC_WARN_64_TO_32_BIT_CONVERSION = YES;
				GCC_WARN_ABOUT_RETURN_TYPE = YES_ERROR;
				GCC_WARN_UNDECLARED_SELECTOR = YES;
				GCC_WARN_UNINITIALIZED_AUTOS = YES_AGGRESSIVE;
				GCC_WARN_UNUSED_FUNCTION = YES;
				GCC_WARN_UNUSED_VARIABLE = YES;
				IPHONEOS_DEPLOYMENT_TARGET = 13.0;
				MTL_ENABLE_DEBUG_INFO = NO;
				MTL_FAST_MATH = YES;
				SDKROOT = iphoneos;
				SWIFT_COMPILATION_MODE = wholemodule;
				SWIFT_OPTIMIZATION_LEVEL = "-O";
				VALIDATE_PRODUCT = YES;
			};
			name = Release;
		};
		0B628188235DEE8400E35CAF /* Debug */ = {
			isa = XCBuildConfiguration;
			buildSettings = {
				ASSETCATALOG_COMPILER_APPICON_NAME = AppIcon;
				CODE_SIGN_STYLE = Automatic;
				DEVELOPMENT_TEAM = 3ECFYJZ64T;
				INFOPLIST_FILE = "Flash Chat iOS13/Info.plist";
				LD_RUNPATH_SEARCH_PATHS = (
					"$(inherited)",
					"@executable_path/Frameworks",
				);
				PRODUCT_BUNDLE_IDENTIFIER = "co.appbrewery.Flash-Chat-iOS13";
				PRODUCT_NAME = "$(TARGET_NAME)";
				SWIFT_VERSION = 5.0;
				TARGETED_DEVICE_FAMILY = 1;
			};
			name = Debug;
		};
		0B628189235DEE8400E35CAF /* Release */ = {
			isa = XCBuildConfiguration;
			buildSettings = {
				ASSETCATALOG_COMPILER_APPICON_NAME = AppIcon;
				CODE_SIGN_STYLE = Automatic;
				DEVELOPMENT_TEAM = 3ECFYJZ64T;
				INFOPLIST_FILE = "Flash Chat iOS13/Info.plist";
				LD_RUNPATH_SEARCH_PATHS = (
					"$(inherited)",
					"@executable_path/Frameworks",
				);
				PRODUCT_BUNDLE_IDENTIFIER = "co.appbrewery.Flash-Chat-iOS13";
				PRODUCT_NAME = "$(TARGET_NAME)";
				SWIFT_VERSION = 5.0;
				TARGETED_DEVICE_FAMILY = 1;
			};
			name = Release;
		};
/* End XCBuildConfiguration section */

/* Begin XCConfigurationList section */
		0B62816E235DEE8100E35CAF /* Build configuration list for PBXProject "Flash Chat iOS13" */ = {
			isa = XCConfigurationList;
			buildConfigurations = (
				0B628185235DEE8400E35CAF /* Debug */,
				0B628186235DEE8400E35CAF /* Release */,
			);
			defaultConfigurationIsVisible = 0;
			defaultConfigurationName = Release;
		};
		0B628187235DEE8400E35CAF /* Build configuration list for PBXNativeTarget "Flash Chat iOS13" */ = {
			isa = XCConfigurationList;
			buildConfigurations = (
				0B628188235DEE8400E35CAF /* Debug */,
				0B628189235DEE8400E35CAF /* Release */,
			);
			defaultConfigurationIsVisible = 0;
			defaultConfigurationName = Release;
		};
/* End XCConfigurationList section */

/* Begin XCRemoteSwiftPackageReference section */
		EE3AD6FA2B4179E000CCAFF9 /* XCRemoteSwiftPackageReference "IQKeyboardManager" */ = {
			isa = XCRemoteSwiftPackageReference;
			repositoryURL = "https://github.com/hackiftekhar/IQKeyboardManager";
			requirement = {
				kind = upToNextMajorVersion;
				minimumVersion = 6.5.16;
			};
		};
		EEFDB3042B3F24940020D3D3 /* XCRemoteSwiftPackageReference "firebase-ios-sdk" */ = {
			isa = XCRemoteSwiftPackageReference;
			repositoryURL = "https://github.com/firebase/firebase-ios-sdk";
			requirement = {
				kind = upToNextMajorVersion;
				minimumVersion = 10.19.1;
			};
		};
/* End XCRemoteSwiftPackageReference section */

/* Begin XCSwiftPackageProductDependency section */
		EE3AD6FB2B4179E000CCAFF9 /* IQKeyboardManagerSwift */ = {
			isa = XCSwiftPackageProductDependency;
			package = EE3AD6FA2B4179E000CCAFF9 /* XCRemoteSwiftPackageReference "IQKeyboardManager" */;
			productName = IQKeyboardManagerSwift;
		};
		EEFDB3052B3F24940020D3D3 /* FirebaseAnalytics */ = {
			isa = XCSwiftPackageProductDependency;
			package = EEFDB3042B3F24940020D3D3 /* XCRemoteSwiftPackageReference "firebase-ios-sdk" */;
			productName = FirebaseAnalytics;
		};
		EEFDB3072B3F24940020D3D3 /* FirebaseAnalyticsOnDeviceConversion */ = {
			isa = XCSwiftPackageProductDependency;
			package = EEFDB3042B3F24940020D3D3 /* XCRemoteSwiftPackageReference "firebase-ios-sdk" */;
			productName = FirebaseAnalyticsOnDeviceConversion;
		};
		EEFDB3092B3F24940020D3D3 /* FirebaseAnalyticsSwift */ = {
			isa = XCSwiftPackageProductDependency;
			package = EEFDB3042B3F24940020D3D3 /* XCRemoteSwiftPackageReference "firebase-ios-sdk" */;
			productName = FirebaseAnalyticsSwift;
		};
		EEFDB30B2B3F24940020D3D3 /* FirebaseAnalyticsWithoutAdIdSupport */ = {
			isa = XCSwiftPackageProductDependency;
			package = EEFDB3042B3F24940020D3D3 /* XCRemoteSwiftPackageReference "firebase-ios-sdk" */;
			productName = FirebaseAnalyticsWithoutAdIdSupport;
		};
		EEFDB30D2B3F24940020D3D3 /* FirebaseAppCheck */ = {
			isa = XCSwiftPackageProductDependency;
			package = EEFDB3042B3F24940020D3D3 /* XCRemoteSwiftPackageReference "firebase-ios-sdk" */;
			productName = FirebaseAppCheck;
		};
		EEFDB30F2B3F27270020D3D3 /* FirebaseAnalytics */ = {
			isa = XCSwiftPackageProductDependency;
			package = EEFDB3042B3F24940020D3D3 /* XCRemoteSwiftPackageReference "firebase-ios-sdk" */;
			productName = FirebaseAnalytics;
		};
		EEFDB3112B3F27270020D3D3 /* FirebaseAnalyticsOnDeviceConversion */ = {
			isa = XCSwiftPackageProductDependency;
			package = EEFDB3042B3F24940020D3D3 /* XCRemoteSwiftPackageReference "firebase-ios-sdk" */;
			productName = FirebaseAnalyticsOnDeviceConversion;
		};
		EEFDB3132B3F27270020D3D3 /* FirebaseAnalyticsSwift */ = {
			isa = XCSwiftPackageProductDependency;
			package = EEFDB3042B3F24940020D3D3 /* XCRemoteSwiftPackageReference "firebase-ios-sdk" */;
			productName = FirebaseAnalyticsSwift;
		};
		EEFDB3152B3F27270020D3D3 /* FirebaseAnalyticsWithoutAdIdSupport */ = {
			isa = XCSwiftPackageProductDependency;
			package = EEFDB3042B3F24940020D3D3 /* XCRemoteSwiftPackageReference "firebase-ios-sdk" */;
			productName = FirebaseAnalyticsWithoutAdIdSupport;
		};
		EEFDB3172B3F27270020D3D3 /* FirebaseAppCheck */ = {
			isa = XCSwiftPackageProductDependency;
			package = EEFDB3042B3F24940020D3D3 /* XCRemoteSwiftPackageReference "firebase-ios-sdk" */;
			productName = FirebaseAppCheck;
		};
		EEFDB3192B3F27270020D3D3 /* FirebaseAppDistribution-Beta */ = {
			isa = XCSwiftPackageProductDependency;
			package = EEFDB3042B3F24940020D3D3 /* XCRemoteSwiftPackageReference "firebase-ios-sdk" */;
			productName = "FirebaseAppDistribution-Beta";
		};
		EEFDB31B2B3F27270020D3D3 /* FirebaseAuth */ = {
			isa = XCSwiftPackageProductDependency;
			package = EEFDB3042B3F24940020D3D3 /* XCRemoteSwiftPackageReference "firebase-ios-sdk" */;
			productName = FirebaseAuth;
		};
		EEFDB31D2B3F27270020D3D3 /* FirebaseAuthCombine-Community */ = {
			isa = XCSwiftPackageProductDependency;
			package = EEFDB3042B3F24940020D3D3 /* XCRemoteSwiftPackageReference "firebase-ios-sdk" */;
			productName = "FirebaseAuthCombine-Community";
		};
		EEFDB31F2B3F27270020D3D3 /* FirebaseCrashlytics */ = {
			isa = XCSwiftPackageProductDependency;
			package = EEFDB3042B3F24940020D3D3 /* XCRemoteSwiftPackageReference "firebase-ios-sdk" */;
			productName = FirebaseCrashlytics;
		};
		EEFDB3212B3F27270020D3D3 /* FirebaseDatabase */ = {
			isa = XCSwiftPackageProductDependency;
			package = EEFDB3042B3F24940020D3D3 /* XCRemoteSwiftPackageReference "firebase-ios-sdk" */;
			productName = FirebaseDatabase;
		};
		EEFDB3232B3F27270020D3D3 /* FirebaseDatabaseSwift */ = {
			isa = XCSwiftPackageProductDependency;
			package = EEFDB3042B3F24940020D3D3 /* XCRemoteSwiftPackageReference "firebase-ios-sdk" */;
			productName = FirebaseDatabaseSwift;
		};
		EEFDB3252B3F27270020D3D3 /* FirebaseDynamicLinks */ = {
			isa = XCSwiftPackageProductDependency;
			package = EEFDB3042B3F24940020D3D3 /* XCRemoteSwiftPackageReference "firebase-ios-sdk" */;
			productName = FirebaseDynamicLinks;
		};
		EEFDB3272B3F27270020D3D3 /* FirebaseFirestore */ = {
			isa = XCSwiftPackageProductDependency;
			package = EEFDB3042B3F24940020D3D3 /* XCRemoteSwiftPackageReference "firebase-ios-sdk" */;
			productName = FirebaseFirestore;
		};
		EEFDB3292B3F27270020D3D3 /* FirebaseFirestoreCombine-Community */ = {
			isa = XCSwiftPackageProductDependency;
			package = EEFDB3042B3F24940020D3D3 /* XCRemoteSwiftPackageReference "firebase-ios-sdk" */;
			productName = "FirebaseFirestoreCombine-Community";
		};
		EEFDB32B2B3F27270020D3D3 /* FirebaseFirestoreSwift */ = {
			isa = XCSwiftPackageProductDependency;
			package = EEFDB3042B3F24940020D3D3 /* XCRemoteSwiftPackageReference "firebase-ios-sdk" */;
			productName = FirebaseFirestoreSwift;
		};
		EEFDB32D2B3F27270020D3D3 /* FirebaseFunctions */ = {
			isa = XCSwiftPackageProductDependency;
			package = EEFDB3042B3F24940020D3D3 /* XCRemoteSwiftPackageReference "firebase-ios-sdk" */;
			productName = FirebaseFunctions;
		};
		EEFDB32F2B3F27270020D3D3 /* FirebaseFunctionsCombine-Community */ = {
			isa = XCSwiftPackageProductDependency;
			package = EEFDB3042B3F24940020D3D3 /* XCRemoteSwiftPackageReference "firebase-ios-sdk" */;
			productName = "FirebaseFunctionsCombine-Community";
		};
		EEFDB3312B3F27270020D3D3 /* FirebaseInAppMessaging-Beta */ = {
			isa = XCSwiftPackageProductDependency;
			package = EEFDB3042B3F24940020D3D3 /* XCRemoteSwiftPackageReference "firebase-ios-sdk" */;
			productName = "FirebaseInAppMessaging-Beta";
		};
		EEFDB3332B3F27270020D3D3 /* FirebaseInAppMessagingSwift-Beta */ = {
			isa = XCSwiftPackageProductDependency;
			package = EEFDB3042B3F24940020D3D3 /* XCRemoteSwiftPackageReference "firebase-ios-sdk" */;
			productName = "FirebaseInAppMessagingSwift-Beta";
		};
		EEFDB3352B3F27270020D3D3 /* FirebaseInstallations */ = {
			isa = XCSwiftPackageProductDependency;
			package = EEFDB3042B3F24940020D3D3 /* XCRemoteSwiftPackageReference "firebase-ios-sdk" */;
			productName = FirebaseInstallations;
		};
		EEFDB3372B3F27270020D3D3 /* FirebaseMLModelDownloader */ = {
			isa = XCSwiftPackageProductDependency;
			package = EEFDB3042B3F24940020D3D3 /* XCRemoteSwiftPackageReference "firebase-ios-sdk" */;
			productName = FirebaseMLModelDownloader;
		};
		EEFDB3392B3F27270020D3D3 /* FirebaseMessaging */ = {
			isa = XCSwiftPackageProductDependency;
			package = EEFDB3042B3F24940020D3D3 /* XCRemoteSwiftPackageReference "firebase-ios-sdk" */;
			productName = FirebaseMessaging;
		};
		EEFDB33B2B3F27270020D3D3 /* FirebasePerformance */ = {
			isa = XCSwiftPackageProductDependency;
			package = EEFDB3042B3F24940020D3D3 /* XCRemoteSwiftPackageReference "firebase-ios-sdk" */;
			productName = FirebasePerformance;
		};
		EEFDB33D2B3F27270020D3D3 /* FirebaseRemoteConfig */ = {
			isa = XCSwiftPackageProductDependency;
			package = EEFDB3042B3F24940020D3D3 /* XCRemoteSwiftPackageReference "firebase-ios-sdk" */;
			productName = FirebaseRemoteConfig;
		};
		EEFDB33F2B3F27270020D3D3 /* FirebaseRemoteConfigSwift */ = {
			isa = XCSwiftPackageProductDependency;
			package = EEFDB3042B3F24940020D3D3 /* XCRemoteSwiftPackageReference "firebase-ios-sdk" */;
			productName = FirebaseRemoteConfigSwift;
		};
		EEFDB3412B3F27270020D3D3 /* FirebaseStorage */ = {
			isa = XCSwiftPackageProductDependency;
			package = EEFDB3042B3F24940020D3D3 /* XCRemoteSwiftPackageReference "firebase-ios-sdk" */;
			productName = FirebaseStorage;
		};
		EEFDB3432B3F27270020D3D3 /* FirebaseStorageCombine-Community */ = {
			isa = XCSwiftPackageProductDependency;
			package = EEFDB3042B3F24940020D3D3 /* XCRemoteSwiftPackageReference "firebase-ios-sdk" */;
			productName = "FirebaseStorageCombine-Community";
		};
/* End XCSwiftPackageProductDependency section */
	};
	rootObject = 0B62816B235DEE8100E35CAF /* Project object */;
}
